
Microsoft Visual Studio Solution File, Format Version 12.00
# Visual Studio Version 16
VisualStudioVersion = 16.0.31410.357
MinimumVisualStudioVersion = 10.0.40219.1
Project("{9A19103F-16F7-4668-BE54-9A1E7A4F7556}") = "Assignment_5_Vending_Machine_EricR", "Assignment_5_Vending_MAchine_EricR\Assignment_5_Vending_Machine_EricR.csproj", "{5CC7B51C-2B6F-484A-9959-4B770733839C}"
EndProject
Project("{FAE04EC0-301F-11D3-BF4B-00C04F79EFBC}") = "VendingMachineERTest", "VendingMachineERTest\VendingMachineERTest.csproj", "{0E115FDC-E000-414B-A87F-688D32EF5F3F}"
EndProject
Global
	GlobalSection(SolutionConfigurationPlatforms) = preSolution
		Debug|Any CPU = Debug|Any CPU
		Release|Any CPU = Release|Any CPU
	EndGlobalSection
	GlobalSection(ProjectConfigurationPlatforms) = postSolution
		{5CC7B51C-2B6F-484A-9959-4B770733839C}.Debug|Any CPU.ActiveCfg = Debug|Any CPU
		{5CC7B51C-2B6F-484A-9959-4B770733839C}.Debug|Any CPU.Build.0 = Debug|Any CPU
		{5CC7B51C-2B6F-484A-9959-4B770733839C}.Release|Any CPU.ActiveCfg = Release|Any CPU
		{5CC7B51C-2B6F-484A-9959-4B770733839C}.Release|Any CPU.Build.0 = Release|Any CPU
		{0E115FDC-E000-414B-A87F-688D32EF5F3F}.Debug|Any CPU.ActiveCfg = Debug|Any CPU
		{0E115FDC-E000-414B-A87F-688D32EF5F3F}.Debug|Any CPU.Build.0 = Debug|Any CPU
		{0E115FDC-E000-414B-A87F-688D32EF5F3F}.Release|Any CPU.ActiveCfg = Release|Any CPU
		{0E115FDC-E000-414B-A87F-688D32EF5F3F}.Release|Any CPU.Build.0 = Release|Any CPU
	EndGlobalSection
	GlobalSection(SolutionProperties) = preSolution
		HideSolutionNode = FALSE
	EndGlobalSection
	GlobalSection(ExtensibilityGlobals) = postSolution
		SolutionGuid = {C0EF0F9B-3EB3-49A0-BF24-3C2B1350DC49}
	EndGlobalSection
EndGlobal
